
Microsoft Visual Studio Solution File, Format Version 12.00
# Visual Studio Version 17
VisualStudioVersion = 17.5.002.0
MinimumVisualStudioVersion = 10.0.40219.1
Project("{9A19103F-16F7-4668-BE54-9A1E7A4F7556}") = "Starter", "Starter.csproj", "{F08DC090-8D3B-4227-8AA4-4E8243772452}"
EndProject
Global
	GlobalSection(SolutionConfigurationPlatforms) = preSolution
		Debug|Any CPU = Debug|Any CPU
		Release|Any CPU = Release|Any CPU
	EndGlobalSection
	GlobalSection(ProjectConfigurationPlatforms) = postSolution
		{F08DC090-8D3B-4227-8AA4-4E8243772452}.Debug|Any CPU.ActiveCfg = Debug|Any CPU
		{F08DC090-8D3B-4227-8AA4-4E8243772452}.Debug|Any CPU.Build.0 = Debug|Any CPU
		{F08DC090-8D3B-4227-8AA4-4E8243772452}.Release|Any CPU.ActiveCfg = Release|Any CPU
		{F08DC090-8D3B-4227-8AA4-4E8243772452}.Release|Any CPU.Build.0 = Release|Any CPU
	EndGlobalSection
	GlobalSection(SolutionProperties) = preSolution
		HideSolutionNode = FALSE
	EndGlobalSection
	GlobalSection(ExtensibilityGlobals) = postSolution
		SolutionGuid = {B8ADE19B-7706-486D-9234-D9F90D0320C5}
	EndGlobalSection
EndGlobal
